
Microsoft Visual Studio Solution File, Format Version 12.00
# Visual Studio Version 17
VisualStudioVersion = 17.9.34622.214
MinimumVisualStudioVersion = 10.0.40219.1
Project("{FAE04EC0-301F-11D3-BF4B-00C04F79EFBC}") = "BinarySerializationGenerator", "BinarySerializationGenerator\BinarySerializationGenerator.csproj", "{8ADD04D9-E7E5-4C9E-8B16-46E334ACDCDB}"
EndProject
Project("{FAE04EC0-301F-11D3-BF4B-00C04F79EFBC}") = "SerializationGeneratorTest", "SerializationGeneratorTest\SerializationGeneratorTest.csproj", "{7E153FD0-40BA-4886-8848-66EB22F7F092}"
EndProject
Global
	GlobalSection(SolutionConfigurationPlatforms) = preSolution
		Debug|Any CPU = Debug|Any CPU
		Release|Any CPU = Release|Any CPU
	EndGlobalSection
	GlobalSection(ProjectConfigurationPlatforms) = postSolution
		{8ADD04D9-E7E5-4C9E-8B16-46E334ACDCDB}.Debug|Any CPU.ActiveCfg = Debug|Any CPU
		{8ADD04D9-E7E5-4C9E-8B16-46E334ACDCDB}.Debug|Any CPU.Build.0 = Debug|Any CPU
		{8ADD04D9-E7E5-4C9E-8B16-46E334ACDCDB}.Release|Any CPU.ActiveCfg = Release|Any CPU
		{8ADD04D9-E7E5-4C9E-8B16-46E334ACDCDB}.Release|Any CPU.Build.0 = Release|Any CPU
		{7E153FD0-40BA-4886-8848-66EB22F7F092}.Debug|Any CPU.ActiveCfg = Debug|Any CPU
		{7E153FD0-40BA-4886-8848-66EB22F7F092}.Debug|Any CPU.Build.0 = Debug|Any CPU
		{7E153FD0-40BA-4886-8848-66EB22F7F092}.Release|Any CPU.ActiveCfg = Release|Any CPU
		{7E153FD0-40BA-4886-8848-66EB22F7F092}.Release|Any CPU.Build.0 = Release|Any CPU
	EndGlobalSection
	GlobalSection(SolutionProperties) = preSolution
		HideSolutionNode = FALSE
	EndGlobalSection
	GlobalSection(ExtensibilityGlobals) = postSolution
		SolutionGuid = {FB89538A-9FA2-4AFF-92E7-6921B084C133}
	EndGlobalSection
EndGlobal
